
Microsoft Visual Studio Solution File, Format Version 12.00
# Visual Studio 15
VisualStudioVersion = 15.0.28307.489
MinimumVisualStudioVersion = 10.0.40219.1
Project("{FAE04EC0-301F-11D3-BF4B-00C04F79EFBC}") = "CasaOpentTK", "CasaOpentTK\CasaOpentTK.csproj", "{2BFFE5A5-9A2B-44A0-9952-2828A6E81CDF}"
EndProject
Global
	GlobalSection(SolutionConfigurationPlatforms) = preSolution
		Debug|Any CPU = Debug|Any CPU
		Release|Any CPU = Release|Any CPU
	EndGlobalSection
	GlobalSection(ProjectConfigurationPlatforms) = postSolution
		{2BFFE5A5-9A2B-44A0-9952-2828A6E81CDF}.Debug|Any CPU.ActiveCfg = Debug|Any CPU
		{2BFFE5A5-9A2B-44A0-9952-2828A6E81CDF}.Debug|Any CPU.Build.0 = Debug|Any CPU
		{2BFFE5A5-9A2B-44A0-9952-2828A6E81CDF}.Release|Any CPU.ActiveCfg = Release|Any CPU
		{2BFFE5A5-9A2B-44A0-9952-2828A6E81CDF}.Release|Any CPU.Build.0 = Release|Any CPU
	EndGlobalSection
	GlobalSection(SolutionProperties) = preSolution
		HideSolutionNode = FALSE
	EndGlobalSection
	GlobalSection(ExtensibilityGlobals) = postSolution
		SolutionGuid = {1E02FF5B-5486-4BB9-B749-CCCB17B67A6D}
	EndGlobalSection
EndGlobal
